{
  "name": "easyquiztest",
  "version": "0.0.0",
  "lockfileVersion": 1,
  "requires": true,
  "dependencies": {
    "axios": {
      "version": "https://registry.npmjs.org/axios/-/axios-0.16.2.tgz",
      "integrity": "sha1-uk+S8XFn37q0CYN4VFS5rBScPG0=",
      "requires": {
        "follow-redirects": "https://registry.npmjs.org/follow-redirects/-/follow-redirects-1.2.5.tgz",
        "is-buffer": "https://registry.npmjs.org/is-buffer/-/is-buffer-1.1.5.tgz"
      }
    },
    "babel-runtime": {
      "version": "https://registry.npmjs.org/babel-runtime/-/babel-runtime-6.26.0.tgz",
      "integrity": "sha1-llxwWGaOgrVde/4E/yM3vItWR/4=",
      "requires": {
        "core-js": "https://registry.npmjs.org/core-js/-/core-js-2.5.1.tgz",
        "regenerator-runtime": "https://registry.npmjs.org/regenerator-runtime/-/regenerator-runtime-0.11.0.tgz"
      }
    },
    "bluebird": {
      "version": "https://registry.npmjs.org/bluebird/-/bluebird-3.5.1.tgz",
      "integrity": "sha1-2VUfnemPH82h5oPRfukaBgLuLrk="
    },
    "core-js": {
      "version": "https://registry.npmjs.org/core-js/-/core-js-2.5.1.tgz",
      "integrity": "sha1-rmh03GaTd4m4B1T/VCjfZoGcpQs="
    },
    "datatables.net": {
      "version": "https://registry.npmjs.org/datatables.net/-/datatables.net-1.10.16.tgz",
      "integrity": "sha1-SwUtEIKCQmG2ju2dInQbcR09JGk=",
      "requires": {
        "jquery": "https://registry.npmjs.org/jquery/-/jquery-3.2.1.tgz"
      }
    },
    "datatables.net-dt": {
      "version": "https://registry.npmjs.org/datatables.net-dt/-/datatables.net-dt-1.10.16.tgz",
      "integrity": "sha1-Z1ijCPueX5Yp+2VBzDAeSOyexVU=",
      "requires": {
        "datatables.net": "https://registry.npmjs.org/datatables.net/-/datatables.net-1.10.16.tgz",
        "jquery": "https://registry.npmjs.org/jquery/-/jquery-3.2.1.tgz"
      }
    },
    "debug": {
      "version": "https://registry.npmjs.org/debug/-/debug-2.6.9.tgz",
      "integrity": "sha1-XRKFFd8TT/Mn6QpMk/Tgd6U2NB8=",
      "requires": {
        "ms": "https://registry.npmjs.org/ms/-/ms-2.0.0.tgz"
      }
    },
    "decompress-response": {
      "version": "https://registry.npmjs.org/decompress-response/-/decompress-response-3.3.0.tgz",
      "integrity": "sha1-gKTdMjdIOEv6JICDYirt7Jgq3/M=",
      "requires": {
        "mimic-response": "https://registry.npmjs.org/mimic-response/-/mimic-response-1.0.0.tgz"
      }
    },
    "duplexer3": {
      "version": "https://registry.npmjs.org/duplexer3/-/duplexer3-0.1.4.tgz",
      "integrity": "sha1-7gHdHKwO08vH/b6jfcCo8c4ALOI="
    },
    "easytimer": {
      "version": "https://registry.npmjs.org/easytimer/-/easytimer-1.1.1.tgz",
      "integrity": "sha1-Gt3eclZG3iWSQw0DBIp0jWM1TpQ="
    },
    "follow-redirects": {
      "version": "https://registry.npmjs.org/follow-redirects/-/follow-redirects-1.2.5.tgz",
      "integrity": "sha1-/9PhTL3V6qcvYbY2jB9oUWwqJsw=",
      "requires": {
        "debug": "https://registry.npmjs.org/debug/-/debug-2.6.9.tgz"
      }
    },
    "font-awesome": {
      "version": "https://registry.npmjs.org/font-awesome/-/font-awesome-4.7.0.tgz",
      "integrity": "sha1-j6jPBBGhoxr9B7BtKQK7n8gVoTM="
    },
    "get-stream": {
      "version": "https://registry.npmjs.org/get-stream/-/get-stream-3.0.0.tgz",
      "integrity": "sha1-jpQ9E1jcN1VQVOy+LtsFqhdO3hQ="
    },
    "got": {
      "version": "https://registry.npmjs.org/got/-/got-7.1.0.tgz",
      "integrity": "sha1-BUUP2ECU5rvqVvRRpDqcKJFmOFo=",
      "requires": {
        "decompress-response": "https://registry.npmjs.org/decompress-response/-/decompress-response-3.3.0.tgz",
        "duplexer3": "https://registry.npmjs.org/duplexer3/-/duplexer3-0.1.4.tgz",
        "get-stream": "https://registry.npmjs.org/get-stream/-/get-stream-3.0.0.tgz",
        "is-plain-obj": "https://registry.npmjs.org/is-plain-obj/-/is-plain-obj-1.1.0.tgz",
        "is-retry-allowed": "https://registry.npmjs.org/is-retry-allowed/-/is-retry-allowed-1.1.0.tgz",
        "is-stream": "https://registry.npmjs.org/is-stream/-/is-stream-1.1.0.tgz",
        "isurl": "https://registry.npmjs.org/isurl/-/isurl-1.0.0.tgz",
        "lowercase-keys": "https://registry.npmjs.org/lowercase-keys/-/lowercase-keys-1.0.0.tgz",
        "p-cancelable": "https://registry.npmjs.org/p-cancelable/-/p-cancelable-0.3.0.tgz",
        "p-timeout": "https://registry.npmjs.org/p-timeout/-/p-timeout-1.2.0.tgz",
        "safe-buffer": "https://registry.npmjs.org/safe-buffer/-/safe-buffer-5.1.1.tgz",
        "timed-out": "https://registry.npmjs.org/timed-out/-/timed-out-4.0.1.tgz",
        "url-parse-lax": "https://registry.npmjs.org/url-parse-lax/-/url-parse-lax-1.0.0.tgz",
        "url-to-options": "https://registry.npmjs.org/url-to-options/-/url-to-options-1.0.1.tgz"
      }
    },
    "has-symbol-support-x": {
      "version": "https://registry.npmjs.org/has-symbol-support-x/-/has-symbol-support-x-1.4.1.tgz",
      "integrity": "sha1-ZuwuN34MfXzO2wejqE13UQ/xvEw="
    },
    "has-to-string-tag-x": {
      "version": "https://registry.npmjs.org/has-to-string-tag-x/-/has-to-string-tag-x-1.4.1.tgz",
      "integrity": "sha1-oEWrOD17SyASoAFIqwql8pAETU0=",
      "requires": {
        "has-symbol-support-x": "https://registry.npmjs.org/has-symbol-support-x/-/has-symbol-support-x-1.4.1.tgz"
      }
    },
    "is-buffer": {
      "version": "https://registry.npmjs.org/is-buffer/-/is-buffer-1.1.5.tgz",
      "integrity": "sha1-Hzsm72E7IUuIy8ojzGwB2Hlh7sw="
    },
    "is-object": {
      "version": "https://registry.npmjs.org/is-object/-/is-object-1.0.1.tgz",
      "integrity": "sha1-iVJojF7C/9awPsyF52ngKQMINHA="
    },
    "is-plain-obj": {
      "version": "https://registry.npmjs.org/is-plain-obj/-/is-plain-obj-1.1.0.tgz",
      "integrity": "sha1-caUMhCnfync8kqOQpKA7OfzVHT4="
    },
    "is-retry-allowed": {
      "version": "https://registry.npmjs.org/is-retry-allowed/-/is-retry-allowed-1.1.0.tgz",
      "integrity": "sha1-EaBgVotnM5REAz0BJaYaINVk+zQ="
    },
    "is-stream": {
      "version": "https://registry.npmjs.org/is-stream/-/is-stream-1.1.0.tgz",
      "integrity": "sha1-EtSj3U5o4Lec6428hBc66A2RykQ="
    },
    "isurl": {
      "version": "https://registry.npmjs.org/isurl/-/isurl-1.0.0.tgz",
      "integrity": "sha1-sn9PSfPNqj6kSgpbfzRi5u3DnWc=",
      "requires": {
        "has-to-string-tag-x": "https://registry.npmjs.org/has-to-string-tag-x/-/has-to-string-tag-x-1.4.1.tgz",
        "is-object": "https://registry.npmjs.org/is-object/-/is-object-1.0.1.tgz"
      }
    },
    "jquery": {
      "version": "https://registry.npmjs.org/jquery/-/jquery-3.2.1.tgz",
      "integrity": "sha1-XE2d5lKvbNCncBVKYxu6ErAVx4c="
    },
    "lodash": {
      "version": "https://registry.npmjs.org/lodash/-/lodash-4.17.4.tgz",
      "integrity": "sha1-eCA6TRwyiuHYbcpkYONptX9AVa4="
    },
    "lowercase-keys": {
      "version": "https://registry.npmjs.org/lowercase-keys/-/lowercase-keys-1.0.0.tgz",
      "integrity": "sha1-TjNms55/VFfjXxMkvfb4jQv8cwY="
    },
    "mimic-response": {
      "version": "https://registry.npmjs.org/mimic-response/-/mimic-response-1.0.0.tgz",
      "integrity": "sha1-3z02Uqc/3ta5sLJBRub9BSNTRY4="
    },
    "momentjs": {
      "version": "https://registry.npmjs.org/momentjs/-/momentjs-2.0.0.tgz",
      "integrity": "sha1-c9+QS0+kGPbjxgXoMc727VUY69Q=",
      "dev": true
    },
    "ms": {
      "version": "https://registry.npmjs.org/ms/-/ms-2.0.0.tgz",
      "integrity": "sha1-VgiurfwAvmwpAd9fmGF4jeDVl8g="
    },
    "p-cancelable": {
      "version": "https://registry.npmjs.org/p-cancelable/-/p-cancelable-0.3.0.tgz",
      "integrity": "sha1-ueEjgAvOu3rBOkeb4ZW1B7mNMPo="
    },
    "p-finally": {
      "version": "https://registry.npmjs.org/p-finally/-/p-finally-1.0.0.tgz",
      "integrity": "sha1-P7z7FbiZpEEjs0ttzBi3JDNqLK4="
    },
    "p-timeout": {
      "version": "https://registry.npmjs.org/p-timeout/-/p-timeout-1.2.0.tgz",
      "integrity": "sha1-mCD5lDTFgXhotPNICe5SkWYNW2w=",
      "requires": {
        "p-finally": "https://registry.npmjs.org/p-finally/-/p-finally-1.0.0.tgz"
      }
    },
    "prepend-http": {
      "version": "https://registry.npmjs.org/prepend-http/-/prepend-http-1.0.4.tgz",
      "integrity": "sha1-1PRWKwzjaW5BrFLQ4ALlemNdxtw="
    },
    "regenerator-runtime": {
      "version": "https://registry.npmjs.org/regenerator-runtime/-/regenerator-runtime-0.11.0.tgz",
      "integrity": "sha1-flT+W1zNXWYk6mJVw0c74JC4AuE="
    },
    "safe-buffer": {
      "version": "https://registry.npmjs.org/safe-buffer/-/safe-buffer-5.1.1.tgz",
      "integrity": "sha1-iTMSr2myEj3vcfV4iQAWce6yyFM="
    },
    "semantic-ui-css": {
      "version": "https://registry.npmjs.org/semantic-ui-css/-/semantic-ui-css-2.2.12.tgz",
      "integrity": "sha1-r8Ri5btPig3P49yhEnRJmpl0kN0=",
      "requires": {
        "jquery": "https://registry.npmjs.org/jquery/-/jquery-3.2.1.tgz"
      }
    },
    "sweetalert": {
      "version": "https://registry.npmjs.org/sweetalert/-/sweetalert-1.1.3.tgz",
      "integrity": "sha1-0sMepJKyK2qNiHrqFZiaI4/AhK4="
    },
    "timed-out": {
      "version": "https://registry.npmjs.org/timed-out/-/timed-out-4.0.1.tgz",
      "integrity": "sha1-8y6srFoXW+ol1/q1Zas+2HQe9W8="
    },
    "toastr": {
      "version": "https://registry.npmjs.org/toastr/-/toastr-2.1.2.tgz",
      "integrity": "sha1-/WkGaudXilszV3JfycfDNem2gd8="
    },
    "url-parse-lax": {
      "version": "https://registry.npmjs.org/url-parse-lax/-/url-parse-lax-1.0.0.tgz",
      "integrity": "sha1-evjzA2Rem9eaJy56FKxovAYJ2nM=",
      "requires": {
        "prepend-http": "https://registry.npmjs.org/prepend-http/-/prepend-http-1.0.4.tgz"
      }
    },
    "url-to-options": {
      "version": "https://registry.npmjs.org/url-to-options/-/url-to-options-1.0.1.tgz",
      "integrity": "sha1-FQWgOiiaSMvXpDTvuu7FBV9WM6k="
    },
    "vue": {
      "version": "https://registry.npmjs.org/vue/-/vue-2.5.1.tgz",
      "integrity": "sha1-HZBLGKK8u/xoh58QXinZpN1xX/g="
    },
    "vue-electron": {
      "version": "https://registry.npmjs.org/vue-electron/-/vue-electron-1.0.6.tgz",
      "integrity": "sha1-55jgMYC4kzU53v4x+S5TuSQrlAY="
    },
    "vue-js-modal": {
      "version": "https://registry.npmjs.org/vue-js-modal/-/vue-js-modal-1.3.1.tgz",
      "integrity": "sha1-EgLQo57zI3pgYjL7D2qHlsl6oTc="
    },
    "vue-resource": {
      "version": "https://registry.npmjs.org/vue-resource/-/vue-resource-1.3.4.tgz",
      "integrity": "sha1-n8C99qL1yrQwEp/JnTR7PernsJk=",
      "requires": {
        "got": "https://registry.npmjs.org/got/-/got-7.1.0.tgz"
      }
    },
    "vue-router": {
      "version": "https://registry.npmjs.org/vue-router/-/vue-router-2.8.0.tgz",
      "integrity": "sha1-ad93TFEhEs0T5HSFiIYeJ+DQqbw="
    },
    "vuex": {
      "version": "https://registry.npmjs.org/vuex/-/vuex-2.5.0.tgz",
      "integrity": "sha1-IPAmWt5smlrGckpAXT/9tHJsl0E="
    }
  }
}
